{
  "version": 4,
  "terraform_version": "0.15.1",
  "serial": 60,
  "lineage": "e35ce9ff-fba0-8064-eca8-097fd450b3c1",
  "outputs": {},
  "resources": [
    {
      "mode": "managed",
      "type": "aws_ebs_snapshot",
      "name": "snapshot",
      "provider": "provider[\"registry.terraform.io/hashicorp/aws\"]",
      "instances": [
        {
          "schema_version": 0,
          "attributes": {
            "arn": "arn:aws:ec2:us-east-1::snapshot/snap-0feee8754383a5260",
            "data_encryption_key_id": "",
            "description": "",
            "encrypted": false,
            "id": "snap-0feee8754383a5260",
            "kms_key_id": "",
            "owner_alias": "",
            "owner_id": "965777747972",
            "tags": null,
            "tags_all": {},
            "timeouts": null,
            "volume_id": "vol-0b0f6349609a850af",
            "volume_size": 10
          },
          "sensitive_attributes": [],
          "private": "eyJlMmJmYjczMC1lY2FhLTExZTYtOGY4OC0zNDM2M2JjN2M0YzAiOnsiY3JlYXRlIjo2MDAwMDAwMDAwMDAsImRlbGV0ZSI6NjAwMDAwMDAwMDAwfX0=",
          "dependencies": [
            "aws_ebs_volume.vol_task5",
            "aws_instance.ec2_task5",
            "aws_security_group.sg_task5",
            "aws_subnet.subnet_task5",
            "aws_vpc.vpc_task5"
          ]
        }
      ]
    },
    {
      "mode": "managed",
      "type": "aws_ebs_volume",
      "name": "vol_task5",
      "provider": "provider[\"registry.terraform.io/hashicorp/aws\"]",
      "instances": [
        {
          "schema_version": 0,
          "attributes": {
            "arn": "arn:aws:ec2:us-east-1:965777747972:volume/vol-0b0f6349609a850af",
            "availability_zone": "us-east-1a",
            "encrypted": false,
            "id": "vol-0b0f6349609a850af",
            "iops": 100,
            "kms_key_id": "",
            "multi_attach_enabled": false,
            "outpost_arn": "",
            "size": 10,
            "snapshot_id": "",
            "tags": {
              "Name": "vol task5"
            },
            "tags_all": {
              "Name": "vol task5"
            },
            "throughput": 0,
            "type": "gp2"
          },
          "sensitive_attributes": [],
          "private": "bnVsbA==",
          "dependencies": [
            "aws_instance.ec2_task5",
            "aws_security_group.sg_task5",
            "aws_subnet.subnet_task5",
            "aws_vpc.vpc_task5"
          ]
        }
      ]
    },
    {
      "mode": "managed",
      "type": "aws_instance",
      "name": "ec2_task5",
      "provider": "provider[\"registry.terraform.io/hashicorp/aws\"]",
      "instances": [
        {
          "schema_version": 1,
          "attributes": {
            "ami": "ami-0ab4d1e9cf9a1215a",
            "arn": "arn:aws:ec2:us-east-1:965777747972:instance/i-0c3d3271a407f132a",
            "associate_public_ip_address": true,
            "availability_zone": "us-east-1a",
            "capacity_reservation_specification": [
              {
                "capacity_reservation_preference": "open",
                "capacity_reservation_target": []
              }
            ],
            "cpu_core_count": 1,
            "cpu_threads_per_core": 1,
            "credit_specification": [
              {
                "cpu_credits": "standard"
              }
            ],
            "disable_api_termination": false,
            "ebs_block_device": [],
            "ebs_optimized": false,
            "enclave_options": [
              {
                "enabled": false
              }
            ],
            "ephemeral_block_device": [],
            "get_password_data": false,
            "hibernation": false,
            "host_id": null,
            "iam_instance_profile": "",
            "id": "i-0c3d3271a407f132a",
            "instance_initiated_shutdown_behavior": "stop",
            "instance_state": "running",
            "instance_type": "t2.micro",
            "ipv6_address_count": 0,
            "ipv6_addresses": [],
            "key_name": "task-5",
            "metadata_options": [
              {
                "http_endpoint": "enabled",
                "http_put_response_hop_limit": 1,
                "http_tokens": "optional"
              }
            ],
            "monitoring": false,
            "network_interface": [],
            "outpost_arn": "",
            "password_data": "",
            "placement_group": "",
            "primary_network_interface_id": "eni-07aaed42212de477f",
            "private_dns": "ip-10-0-1-97.ec2.internal",
            "private_ip": "10.0.1.97",
            "public_dns": "",
            "public_ip": "54.234.199.248",
            "root_block_device": [
              {
                "delete_on_termination": true,
                "device_name": "/dev/xvda",
                "encrypted": false,
                "iops": 100,
                "kms_key_id": "",
                "tags": {},
                "throughput": 0,
                "volume_id": "vol-0b680ecf4eea9c1c4",
                "volume_size": 8,
                "volume_type": "gp2"
              }
            ],
            "secondary_private_ips": [],
            "security_groups": [],
            "source_dest_check": true,
            "subnet_id": "subnet-07799acfaf3a888d0",
            "tags": {
              "Name": "EC2 task5"
            },
            "tags_all": {
              "Name": "EC2 task5"
            },
            "tenancy": "default",
            "timeouts": null,
            "user_data": null,
            "user_data_base64": null,
            "volume_tags": null,
            "vpc_security_group_ids": [
              "sg-0db12ae5d0a7e2e98"
            ]
          },
          "sensitive_attributes": [],
          "private": "eyJlMmJmYjczMC1lY2FhLTExZTYtOGY4OC0zNDM2M2JjN2M0YzAiOnsiY3JlYXRlIjo2MDAwMDAwMDAwMDAsImRlbGV0ZSI6MTIwMDAwMDAwMDAwMCwidXBkYXRlIjo2MDAwMDAwMDAwMDB9LCJzY2hlbWFfdmVyc2lvbiI6IjEifQ==",
          "dependencies": [
            "aws_security_group.sg_task5",
            "aws_subnet.subnet_task5",
            "aws_vpc.vpc_task5"
          ]
        }
      ]
    },
    {
      "mode": "managed",
      "type": "aws_internet_gateway",
      "name": "gw_task5",
      "provider": "provider[\"registry.terraform.io/hashicorp/aws\"]",
      "instances": [
        {
          "schema_version": 0,
          "attributes": {
            "arn": "arn:aws:ec2:us-east-1:965777747972:internet-gateway/igw-0b4621d0911695dfe",
            "id": "igw-0b4621d0911695dfe",
            "owner_id": "965777747972",
            "tags": {
              "Name": "GW task5"
            },
            "tags_all": {
              "Name": "GW task5"
            },
            "vpc_id": "vpc-05eb743df0ec62a88"
          },
          "sensitive_attributes": [],
          "private": "bnVsbA==",
          "dependencies": [
            "aws_vpc.vpc_task5"
          ]
        }
      ]
    },
    {
      "mode": "managed",
      "type": "aws_route_table",
      "name": "rt",
      "provider": "provider[\"registry.terraform.io/hashicorp/aws\"]",
      "instances": [
        {
          "schema_version": 0,
          "attributes": {
            "arn": "arn:aws:ec2:us-east-1:965777747972:route-table/rtb-0e23824f88c5f5dab",
            "id": "rtb-0e23824f88c5f5dab",
            "owner_id": "965777747972",
            "propagating_vgws": [],
            "route": [
              {
                "carrier_gateway_id": "",
                "cidr_block": "0.0.0.0/0",
                "destination_prefix_list_id": "",
                "egress_only_gateway_id": "",
                "gateway_id": "igw-0b4621d0911695dfe",
                "instance_id": "",
                "ipv6_cidr_block": "",
                "local_gateway_id": "",
                "nat_gateway_id": "",
                "network_interface_id": "",
                "transit_gateway_id": "",
                "vpc_endpoint_id": "",
                "vpc_peering_connection_id": ""
              }
            ],
            "tags": {
              "Name": "RT task5"
            },
            "tags_all": {
              "Name": "RT task5"
            },
            "vpc_id": "vpc-05eb743df0ec62a88"
          },
          "sensitive_attributes": [],
          "private": "bnVsbA==",
          "dependencies": [
            "aws_internet_gateway.gw_task5",
            "aws_vpc.vpc_task5"
          ]
        }
      ]
    },
    {
      "mode": "managed",
      "type": "aws_route_table_association",
      "name": "rt_ass",
      "provider": "provider[\"registry.terraform.io/hashicorp/aws\"]",
      "instances": [
        {
          "schema_version": 0,
          "attributes": {
            "gateway_id": "",
            "id": "rtbassoc-0d80bb6e19ad0e859",
            "route_table_id": "rtb-0e23824f88c5f5dab",
            "subnet_id": "subnet-07799acfaf3a888d0"
          },
          "sensitive_attributes": [],
          "private": "bnVsbA==",
          "dependencies": [
            "aws_internet_gateway.gw_task5",
            "aws_route_table.rt",
            "aws_subnet.subnet_task5",
            "aws_vpc.vpc_task5"
          ]
        }
      ]
    },
    {
      "mode": "managed",
      "type": "aws_security_group",
      "name": "sg_task5",
      "provider": "provider[\"registry.terraform.io/hashicorp/aws\"]",
      "instances": [
        {
          "schema_version": 1,
          "attributes": {
            "arn": "arn:aws:ec2:us-east-1:965777747972:security-group/sg-0db12ae5d0a7e2e98",
            "description": "Managed by Terraform",
            "egress": [
              {
                "cidr_blocks": [
                  "0.0.0.0/0"
                ],
                "description": "",
                "from_port": 0,
                "ipv6_cidr_blocks": [],
                "prefix_list_ids": [],
                "protocol": "-1",
                "security_groups": [],
                "self": false,
                "to_port": 0
              }
            ],
            "id": "sg-0db12ae5d0a7e2e98",
            "ingress": [
              {
                "cidr_blocks": [
                  "0.0.0.0/0"
                ],
                "description": "",
                "from_port": 22,
                "ipv6_cidr_blocks": [],
                "prefix_list_ids": [],
                "protocol": "tcp",
                "security_groups": [],
                "self": false,
                "to_port": 22
              },
              {
                "cidr_blocks": [
                  "0.0.0.0/0"
                ],
                "description": "",
                "from_port": 80,
                "ipv6_cidr_blocks": [],
                "prefix_list_ids": [],
                "protocol": "tcp",
                "security_groups": [],
                "self": false,
                "to_port": 80
              }
            ],
            "name": "terraform-20210703115300796200000001",
            "name_prefix": "terraform-",
            "owner_id": "965777747972",
            "revoke_rules_on_delete": false,
            "tags": {
              "Name": "SG task5"
            },
            "tags_all": {
              "Name": "SG task5"
            },
            "timeouts": null,
            "vpc_id": "vpc-05eb743df0ec62a88"
          },
          "sensitive_attributes": [],
          "private": "eyJlMmJmYjczMC1lY2FhLTExZTYtOGY4OC0zNDM2M2JjN2M0YzAiOnsiY3JlYXRlIjo2MDAwMDAwMDAwMDAsImRlbGV0ZSI6OTAwMDAwMDAwMDAwfSwic2NoZW1hX3ZlcnNpb24iOiIxIn0=",
          "dependencies": [
            "aws_vpc.vpc_task5"
          ]
        }
      ]
    },
    {
      "mode": "managed",
      "type": "aws_snapshot_create_volume_permission",
      "name": "snapshot_perm",
      "provider": "provider[\"registry.terraform.io/hashicorp/aws\"]",
      "instances": [
        {
          "status": "tainted",
          "schema_version": 0,
          "attributes": {
            "account_id": "965777747972",
            "id": "snap-0feee8754383a5260-965777747972",
            "snapshot_id": "snap-0feee8754383a5260"
          },
          "sensitive_attributes": [],
          "private": "bnVsbA==",
          "dependencies": [
            "aws_ebs_snapshot.snapshot",
            "aws_ebs_volume.vol_task5",
            "aws_instance.ec2_task5",
            "aws_security_group.sg_task5",
            "aws_subnet.subnet_task5",
            "aws_vpc.vpc_task5"
          ]
        }
      ]
    },
    {
      "mode": "managed",
      "type": "aws_subnet",
      "name": "subnet_task5",
      "provider": "provider[\"registry.terraform.io/hashicorp/aws\"]",
      "instances": [
        {
          "schema_version": 1,
          "attributes": {
            "arn": "arn:aws:ec2:us-east-1:965777747972:subnet/subnet-07799acfaf3a888d0",
            "assign_ipv6_address_on_creation": false,
            "availability_zone": "us-east-1a",
            "availability_zone_id": "use1-az6",
            "cidr_block": "10.0.1.0/24",
            "customer_owned_ipv4_pool": "",
            "id": "subnet-07799acfaf3a888d0",
            "ipv6_cidr_block": "",
            "ipv6_cidr_block_association_id": "",
            "map_customer_owned_ip_on_launch": false,
            "map_public_ip_on_launch": true,
            "outpost_arn": "",
            "owner_id": "965777747972",
            "tags": {
              "Name": "Subnet-task5"
            },
            "tags_all": {
              "Name": "Subnet-task5"
            },
            "timeouts": null,
            "vpc_id": "vpc-05eb743df0ec62a88"
          },
          "sensitive_attributes": [],
          "private": "eyJlMmJmYjczMC1lY2FhLTExZTYtOGY4OC0zNDM2M2JjN2M0YzAiOnsiY3JlYXRlIjo2MDAwMDAwMDAwMDAsImRlbGV0ZSI6MTIwMDAwMDAwMDAwMH0sInNjaGVtYV92ZXJzaW9uIjoiMSJ9",
          "dependencies": [
            "aws_vpc.vpc_task5"
          ]
        }
      ]
    },
    {
      "mode": "managed",
      "type": "aws_volume_attachment",
      "name": "ebs_att",
      "provider": "provider[\"registry.terraform.io/hashicorp/aws\"]",
      "instances": [
        {
          "schema_version": 0,
          "attributes": {
            "device_name": "/dev/sdh",
            "force_detach": null,
            "id": "vai-2379323100",
            "instance_id": "i-0c3d3271a407f132a",
            "skip_destroy": null,
            "volume_id": "vol-0b0f6349609a850af"
          },
          "sensitive_attributes": [],
          "private": "bnVsbA==",
          "dependencies": [
            "aws_ebs_volume.vol_task5",
            "aws_instance.ec2_task5",
            "aws_security_group.sg_task5",
            "aws_subnet.subnet_task5",
            "aws_vpc.vpc_task5"
          ]
        }
      ]
    },
    {
      "mode": "managed",
      "type": "aws_vpc",
      "name": "vpc_task5",
      "provider": "provider[\"registry.terraform.io/hashicorp/aws\"]",
      "instances": [
        {
          "schema_version": 1,
          "attributes": {
            "arn": "arn:aws:ec2:us-east-1:965777747972:vpc/vpc-05eb743df0ec62a88",
            "assign_generated_ipv6_cidr_block": false,
            "cidr_block": "10.0.0.0/16",
            "default_network_acl_id": "acl-07aa02ee13ee02e23",
            "default_route_table_id": "rtb-0704e555b97977787",
            "default_security_group_id": "sg-0794b8359cf3e3310",
            "dhcp_options_id": "dopt-d6dff4ac",
            "enable_classiclink": false,
            "enable_classiclink_dns_support": false,
            "enable_dns_hostnames": false,
            "enable_dns_support": true,
            "id": "vpc-05eb743df0ec62a88",
            "instance_tenancy": "default",
            "ipv6_association_id": "",
            "ipv6_cidr_block": "",
            "main_route_table_id": "rtb-0704e555b97977787",
            "owner_id": "965777747972",
            "tags": {
              "Name": "lwterra"
            },
            "tags_all": {
              "Name": "lwterra"
            }
          },
          "sensitive_attributes": [],
          "private": "eyJzY2hlbWFfdmVyc2lvbiI6IjEifQ=="
        }
      ]
    },
    {
      "mode": "managed",
      "type": "null_resource",
      "name": "nullremote0",
      "provider": "provider[\"registry.terraform.io/hashicorp/null\"]",
      "instances": [
        {
          "status": "tainted",
          "schema_version": 0,
          "attributes": {
            "id": "9128573178226554314",
            "triggers": null
          },
          "sensitive_attributes": [],
          "private": "bnVsbA==",
          "dependencies": [
            "aws_instance.ec2_task5",
            "aws_security_group.sg_task5",
            "aws_subnet.subnet_task5",
            "aws_vpc.vpc_task5"
          ]
        }
      ]
    }
  ]
}
